
Microsoft Visual Studio Solution File, Format Version 12.00
# Visual Studio Version 16
VisualStudioVersion = 16.0.31410.357
MinimumVisualStudioVersion = 10.0.40219.1
Project("{9A19103F-16F7-4668-BE54-9A1E7A4F7556}") = "Automation Testing2021Code", "Automation Testing2021Code.csproj", "{9CEFAB42-790E-4EC3-AFE5-4FAC161A7587}"
EndProject
Global
	GlobalSection(SolutionConfigurationPlatforms) = preSolution
		Debug|Any CPU = Debug|Any CPU
		Release|Any CPU = Release|Any CPU
	EndGlobalSection
	GlobalSection(ProjectConfigurationPlatforms) = postSolution
		{9CEFAB42-790E-4EC3-AFE5-4FAC161A7587}.Debug|Any CPU.ActiveCfg = Debug|Any CPU
		{9CEFAB42-790E-4EC3-AFE5-4FAC161A7587}.Debug|Any CPU.Build.0 = Debug|Any CPU
		{9CEFAB42-790E-4EC3-AFE5-4FAC161A7587}.Release|Any CPU.ActiveCfg = Release|Any CPU
		{9CEFAB42-790E-4EC3-AFE5-4FAC161A7587}.Release|Any CPU.Build.0 = Release|Any CPU
	EndGlobalSection
	GlobalSection(SolutionProperties) = preSolution
		HideSolutionNode = FALSE
	EndGlobalSection
	GlobalSection(ExtensibilityGlobals) = postSolution
		SolutionGuid = {A84F46B1-F185-4BF6-9E57-F027EBC1456A}
	EndGlobalSection
EndGlobal
