
Microsoft Visual Studio Solution File, Format Version 12.00
# Visual Studio 15
VisualStudioVersion = 15.0.28307.1525
MinimumVisualStudioVersion = 10.0.40219.1
Project("{FAE04EC0-301F-11D3-BF4B-00C04F79EFBC}") = "Testing2021", "Testing2021\Testing2021.csproj", "{8E7C29D6-3B1A-41D3-AE75-8D88932074BB}"
EndProject
Global
	GlobalSection(SolutionConfigurationPlatforms) = preSolution
		Debug|Any CPU = Debug|Any CPU
		Release|Any CPU = Release|Any CPU
	EndGlobalSection
	GlobalSection(ProjectConfigurationPlatforms) = postSolution
		{8E7C29D6-3B1A-41D3-AE75-8D88932074BB}.Debug|Any CPU.ActiveCfg = Debug|Any CPU
		{8E7C29D6-3B1A-41D3-AE75-8D88932074BB}.Debug|Any CPU.Build.0 = Debug|Any CPU
		{8E7C29D6-3B1A-41D3-AE75-8D88932074BB}.Release|Any CPU.ActiveCfg = Release|Any CPU
		{8E7C29D6-3B1A-41D3-AE75-8D88932074BB}.Release|Any CPU.Build.0 = Release|Any CPU
	EndGlobalSection
	GlobalSection(SolutionProperties) = preSolution
		HideSolutionNode = FALSE
	EndGlobalSection
	GlobalSection(ExtensibilityGlobals) = postSolution
		SolutionGuid = {10FC5A7E-CBFB-4B33-978E-6DAAE09E9FEC}
	EndGlobalSection
EndGlobal
